
Microsoft Visual Studio Solution File, Format Version 12.00
# Visual Studio Version 17
VisualStudioVersion = 17.1.32407.343
MinimumVisualStudioVersion = 10.0.40219.1
Project("{FAE04EC0-301F-11D3-BF4B-00C04F79EFBC}") = "PracticeConsoleApp", "PracticeConsoleApp.csproj", "{2C661605-10A8-4978-BA98-B6E4201372C2}"
EndProject
Global
	GlobalSection(SolutionConfigurationPlatforms) = preSolution
		Debug|Any CPU = Debug|Any CPU
		Release|Any CPU = Release|Any CPU
	EndGlobalSection
	GlobalSection(ProjectConfigurationPlatforms) = postSolution
		{2C661605-10A8-4978-BA98-B6E4201372C2}.Debug|Any CPU.ActiveCfg = Debug|Any CPU
		{2C661605-10A8-4978-BA98-B6E4201372C2}.Debug|Any CPU.Build.0 = Debug|Any CPU
		{2C661605-10A8-4978-BA98-B6E4201372C2}.Release|Any CPU.ActiveCfg = Release|Any CPU
		{2C661605-10A8-4978-BA98-B6E4201372C2}.Release|Any CPU.Build.0 = Release|Any CPU
	EndGlobalSection
	GlobalSection(SolutionProperties) = preSolution
		HideSolutionNode = FALSE
	EndGlobalSection
	GlobalSection(ExtensibilityGlobals) = postSolution
		SolutionGuid = {7CDFC5CD-EA18-4F09-8A32-688A474EA979}
	EndGlobalSection
EndGlobal
